// !$*UTF8*$!
{
	archiveVersion = 1;
	classes = {
	};
	objectVersion = 50;
	objects = {

/* Begin PBXBuildFile section */
		449292B122656D920046E7DA /* Presenter.swift in Sources */ = {isa = PBXBuildFile; fileRef = 449292B022656D920046E7DA /* Presenter.swift */; };
		44E6C719225D935B00C57309 /* AppDelegate.swift in Sources */ = {isa = PBXBuildFile; fileRef = 44E6C718225D935B00C57309 /* AppDelegate.swift */; };
		44E6C71B225D935B00C57309 /* ViewController.swift in Sources */ = {isa = PBXBuildFile; fileRef = 44E6C71A225D935B00C57309 /* ViewController.swift */; };
		44E6C71E225D935B00C57309 /* Main.storyboard in Resources */ = {isa = PBXBuildFile; fileRef = 44E6C71C225D935B00C57309 /* Main.storyboard */; };
		44E6C720225D935E00C57309 /* Assets.xcassets in Resources */ = {isa = PBXBuildFile; fileRef = 44E6C71F225D935E00C57309 /* Assets.xcassets */; };
		44E6C723225D935E00C57309 /* LaunchScreen.storyboard in Resources */ = {isa = PBXBuildFile; fileRef = 44E6C721225D935E00C57309 /* LaunchScreen.storyboard */; };
		44E6C72B225D938D00C57309 /* PrimeNumbersCalculator.swift in Sources */ = {isa = PBXBuildFile; fileRef = 44E6C72A225D938D00C57309 /* PrimeNumbersCalculator.swift */; };
		44E6C72D225DA33700C57309 /* CollectionViewCell.swift in Sources */ = {isa = PBXBuildFile; fileRef = 44E6C72C225DA33700C57309 /* CollectionViewCell.swift */; };
/* End PBXBuildFile section */

/* Begin PBXFileReference section */
		449292B022656D920046E7DA /* Presenter.swift */ = {isa = PBXFileReference; lastKnownFileType = sourcecode.swift; path = Presenter.swift; sourceTree = "<group>"; };
		44E6C715225D935B00C57309 /* PrimeNumbers.app */ = {isa = PBXFileReference; explicitFileType = wrapper.application; includeInIndex = 0; path = PrimeNumbers.app; sourceTree = BUILT_PRODUCTS_DIR; };
		44E6C718225D935B00C57309 /* AppDelegate.swift */ = {isa = PBXFileReference; lastKnownFileType = sourcecode.swift; path = AppDelegate.swift; sourceTree = "<group>"; };
		44E6C71A225D935B00C57309 /* ViewController.swift */ = {isa = PBXFileReference; lastKnownFileType = sourcecode.swift; path = ViewController.swift; sourceTree = "<group>"; };
		44E6C71D225D935B00C57309 /* Base */ = {isa = PBXFileReference; lastKnownFileType = file.storyboard; name = Base; path = Base.lproj/Main.storyboard; sourceTree = "<group>"; };
		44E6C71F225D935E00C57309 /* Assets.xcassets */ = {isa = PBXFileReference; lastKnownFileType = folder.assetcatalog; path = Assets.xcassets; sourceTree = "<group>"; };
		44E6C722225D935E00C57309 /* Base */ = {isa = PBXFileReference; lastKnownFileType = file.storyboard; name = Base; path = Base.lproj/LaunchScreen.storyboard; sourceTree = "<group>"; };
		44E6C724225D935E00C57309 /* Info.plist */ = {isa = PBXFileReference; lastKnownFileType = text.plist.xml; path = Info.plist; sourceTree = "<group>"; };
		44E6C72A225D938D00C57309 /* PrimeNumbersCalculator.swift */ = {isa = PBXFileReference; lastKnownFileType = sourcecode.swift; path = PrimeNumbersCalculator.swift; sourceTree = "<group>"; };
		44E6C72C225DA33700C57309 /* CollectionViewCell.swift */ = {isa = PBXFileReference; lastKnownFileType = sourcecode.swift; path = CollectionViewCell.swift; sourceTree = "<group>"; };
/* End PBXFileReference section */

/* Begin PBXFrameworksBuildPhase section */
		44E6C712225D935B00C57309 /* Frameworks */ = {
			isa = PBXFrameworksBuildPhase;
			buildActionMask = 2147483647;
			files = (
			);
			runOnlyForDeploymentPostprocessing = 0;
		};
/* End PBXFrameworksBuildPhase section */

/* Begin PBXGroup section */
		44E6C70C225D935B00C57309 = {
			isa = PBXGroup;
			children = (
				44E6C717225D935B00C57309 /* PrimeNumbers */,
				44E6C716225D935B00C57309 /* Products */,
			);
			sourceTree = "<group>";
		};
		44E6C716225D935B00C57309 /* Products */ = {
			isa = PBXGroup;
			children = (
				44E6C715225D935B00C57309 /* PrimeNumbers.app */,
			);
			name = Products;
			sourceTree = "<group>";
		};
		44E6C717225D935B00C57309 /* PrimeNumbers */ = {
			isa = PBXGroup;
			children = (
				44E6C718225D935B00C57309 /* AppDelegate.swift */,
				44E6C71A225D935B00C57309 /* ViewController.swift */,
				449292B022656D920046E7DA /* Presenter.swift */,
				44E6C72C225DA33700C57309 /* CollectionViewCell.swift */,
				44E6C71C225D935B00C57309 /* Main.storyboard */,
				44E6C72A225D938D00C57309 /* PrimeNumbersCalculator.swift */,
				44E6C71F225D935E00C57309 /* Assets.xcassets */,
				44E6C721225D935E00C57309 /* LaunchScreen.storyboard */,
				44E6C724225D935E00C57309 /* Info.plist */,
			);
			path = PrimeNumbers;
			sourceTree = "<group>";
		};
/* End PBXGroup section */

/* Begin PBXNativeTarget section */
		44E6C714225D935B00C57309 /* PrimeNumbers */ = {
			isa = PBXNativeTarget;
			buildConfigurationList = 44E6C727225D935E00C57309 /* Build configuration list for PBXNativeTarget "PrimeNumbers" */;
			buildPhases = (
				44E6C711225D935B00C57309 /* Sources */,
				44E6C712225D935B00C57309 /* Frameworks */,
				44E6C713225D935B00C57309 /* Resources */,
			);
			buildRules = (
			);
			dependencies = (
			);
			name = PrimeNumbers;
			productName = PrimeNumbers;
			productReference = 44E6C715225D935B00C57309 /* PrimeNumbers.app */;
			productType = "com.apple.product-type.application";
		};
/* End PBXNativeTarget section */

/* Begin PBXProject section */
		44E6C70D225D935B00C57309 /* Project object */ = {
			isa = PBXProject;
			attributes = {
				LastSwiftUpdateCheck = 1020;
				LastUpgradeCheck = 1020;
				ORGANIZATIONNAME = Kate;
				TargetAttributes = {
					44E6C714225D935B00C57309 = {
						CreatedOnToolsVersion = 10.2;
					};
				};
			};
			buildConfigurationList = 44E6C710225D935B00C57309 /* Build configuration list for PBXProject "PrimeNumbers" */;
			compatibilityVersion = "Xcode 9.3";
			developmentRegion = en;
			hasScannedForEncodings = 0;
			knownRegions = (
				en,
				Base,
			);
			mainGroup = 44E6C70C225D935B00C57309;
			productRefGroup = 44E6C716225D935B00C57309 /* Products */;
			projectDirPath = "";
			projectRoot = "";
			targets = (
				44E6C714225D935B00C57309 /* PrimeNumbers */,
			);
		};
/* End PBXProject section */

/* Begin PBXResourcesBuildPhase section */
		44E6C713225D935B00C57309 /* Resources */ = {
			isa = PBXResourcesBuildPhase;
			buildActionMask = 2147483647;
			files = (
				44E6C723225D935E00C57309 /* LaunchScreen.storyboard in Resources */,
				44E6C720225D935E00C57309 /* Assets.xcassets in Resources */,
				44E6C71E225D935B00C57309 /* Main.storyboard in Resources */,
			);
			runOnlyForDeploymentPostprocessing = 0;
		};
/* End PBXResourcesBuildPhase section */

/* Begin PBXSourcesBuildPhase section */
		44E6C711225D935B00C57309 /* Sources */ = {
			isa = PBXSourcesBuildPhase;
			buildActionMask = 2147483647;
			files = (
				44E6C72B225D938D00C57309 /* PrimeNumbersCalculator.swift in Sources */,
				44E6C71B225D935B00C57309 /* ViewController.swift in Sources */,
				44E6C72D225DA33700C57309 /* CollectionViewCell.swift in Sources */,
				44E6C719225D935B00C57309 /* AppDelegate.swift in Sources */,
				449292B122656D920046E7DA /* Presenter.swift in Sources */,
			);
			runOnlyForDeploymentPostprocessing = 0;
		};
/* End PBXSourcesBuildPhase section */

/* Begin PBXVariantGroup section */
		44E6C71C225D935B00C57309 /* Main.storyboard */ = {
			isa = PBXVariantGroup;
			children = (
				44E6C71D225D935B00C57309 /* Base */,
			);
			name = Main.storyboard;
			sourceTree = "<group>";
		};
		44E6C721225D935E00C57309 /* LaunchScreen.storyboard */ = {
			isa = PBXVariantGroup;
			children = (
				44E6C722225D935E00C57309 /* Base */,
			);
			name = LaunchScreen.storyboard;
			sourceTree = "<group>";
		};
/* End PBXVariantGroup section */

/* Begin XCBuildConfiguration section */
		44E6C725225D935E00C57309 /* Debug */ = {
			isa = XCBuildConfiguration;
			buildSettings = {
				ALWAYS_SEARCH_USER_PATHS = NO;
				CLANG_ANALYZER_NONNULL = YES;
				CLANG_ANALYZER_NUMBER_OBJECT_CONVERSION = YES_AGGRESSIVE;
				CLANG_CXX_LANGUAGE_STANDARD = "gnu++14";
				CLANG_CXX_LIBRARY = "libc++";
				CLANG_ENABLE_MODULES = YES;
				CLANG_ENABLE_OBJC_ARC = YES;
				CLANG_ENABLE_OBJC_WEAK = YES;
				CLANG_WARN_BLOCK_CAPTURE_AUTORELEASING = YES;
				CLANG_WARN_BOOL_CONVERSION = YES;
				CLANG_WARN_COMMA = YES;
				CLANG_WARN_CONSTANT_CONVERSION = YES;
				CLANG_WARN_DEPRECATED_OBJC_IMPLEMENTATIONS = YES;
				CLANG_WARN_DIRECT_OBJC_ISA_USAGE = YES_ERROR;
				CLANG_WARN_DOCUMENTATION_COMMENTS = YES;
				CLANG_WARN_EMPTY_BODY = YES;
				CLANG_WARN_ENUM_CONVERSION = YES;
				CLANG_WARN_INFINITE_RECURSION = YES;
				CLANG_WARN_INT_CONVERSION = YES;
				CLANG_WARN_NON_LITERAL_NULL_CONVERSION = YES;
				CLANG_WARN_OBJC_IMPLICIT_RETAIN_SELF = YES;
				CLANG_WARN_OBJC_LITERAL_CONVERSION = YES;
				CLANG_WARN_OBJC_ROOT_CLASS = YES_ERROR;
				CLANG_WARN_RANGE_LOOP_ANALYSIS = YES;
				CLANG_WARN_STRICT_PROTOTYPES = YES;
				CLANG_WARN_SUSPICIOUS_MOVE = YES;
				CLANG_WARN_UNGUARDED_AVAILABILITY = YES_AGGRESSIVE;
				CLANG_WARN_UNREACHABLE_CODE = YES;
				CLANG_WARN__DUPLICATE_METHOD_MATCH = YES;
				CODE_SIGN_IDENTITY = "iPhone Developer";
				COPY_PHASE_STRIP = NO;
				DEBUG_INFORMATION_FORMAT = dwarf;
				ENABLE_STRICT_OBJC_MSGSEND = YES;
				ENABLE_TESTABILITY = YES;
				GCC_C_LANGUAGE_STANDARD = gnu11;
				GCC_DYNAMIC_NO_PIC = NO;
				GCC_NO_COMMON_BLOCKS = YES;
				GCC_OPTIMIZATION_LEVEL = 0;
				GCC_PREPROCESSOR_DEFINITIONS = (
					"DEBUG=1",
					"$(inherited)",
				);
				GCC_WARN_64_TO_32_BIT_CONVERSION = YES;
				GCC_WARN_ABOUT_RETURN_TYPE = YES_ERROR;
				GCC_WARN_UNDECLARED_SELECTOR = YES;
				GCC_WARN_UNINITIALIZED_AUTOS = YES_AGGRESSIVE;
				GCC_WARN_UNUSED_FUNCTION = YES;
				GCC_WARN_UNUSED_VARIABLE = YES;
				IPHONEOS_DEPLOYMENT_TARGET = 12.2;
				MTL_ENABLE_DEBUG_INFO = INCLUDE_SOURCE;
				MTL_FAST_MATH = YES;
				ONLY_ACTIVE_ARCH = YES;
				SDKROOT = iphoneos;
				SWIFT_ACTIVE_COMPILATION_CONDITIONS = DEBUG;
				SWIFT_OPTIMIZATION_LEVEL = "-Onone";
			};
			name = Debug;
		};
		44E6C726225D935E00C57309 /* Release */ = {
			isa = XCBuildConfiguration;
			buildSettings = {
				ALWAYS_SEARCH_USER_PATHS = NO;
				CLANG_ANALYZER_NONNULL = YES;
				CLANG_ANALYZER_NUMBER_OBJECT_CONVERSION = YES_AGGRESSIVE;
				CLANG_CXX_LANGUAGE_STANDARD = "gnu++14";
				CLANG_CXX_LIBRARY = "libc++";
				CLANG_ENABLE_MODULES = YES;
				CLANG_ENABLE_OBJC_ARC = YES;
				CLANG_ENABLE_OBJC_WEAK = YES;
				CLANG_WARN_BLOCK_CAPTURE_AUTORELEASING = YES;
				CLANG_WARN_BOOL_CONVERSION = YES;
				CLANG_WARN_COMMA = YES;
				CLANG_WARN_CONSTANT_CONVERSION = YES;
				CLANG_WARN_DEPRECATED_OBJC_IMPLEMENTATIONS = YES;
				CLANG_WARN_DIRECT_OBJC_ISA_USAGE = YES_ERROR;
				CLANG_WARN_DOCUMENTATION_COMMENTS = YES;
				CLANG_WARN_EMPTY_BODY = YES;
				CLANG_WARN_ENUM_CONVERSION = YES;
				CLANG_WARN_INFINITE_RECURSION = YES;
				CLANG_WARN_INT_CONVERSION = YES;
				CLANG_WARN_NON_LITERAL_NULL_CONVERSION = YES;
				CLANG_WARN_OBJC_IMPLICIT_RETAIN_SELF = YES;
				CLANG_WARN_OBJC_LITERAL_CONVERSION = YES;
				CLANG_WARN_OBJC_ROOT_CLASS = YES_ERROR;
				CLANG_WARN_RANGE_LOOP_ANALYSIS = YES;
				CLANG_WARN_STRICT_PROTOTYPES = YES;
				CLANG_WARN_SUSPICIOUS_MOVE = YES;
				CLANG_WARN_UNGUARDED_AVAILABILITY = YES_AGGRESSIVE;
				CLANG_WARN_UNREACHABLE_CODE = YES;
				CLANG_WARN__DUPLICATE_METHOD_MATCH = YES;
				CODE_SIGN_IDENTITY = "iPhone Developer";
				COPY_PHASE_STRIP = NO;
				DEBUG_INFORMATION_FORMAT = "dwarf-with-dsym";
				ENABLE_NS_ASSERTIONS = NO;
				ENABLE_STRICT_OBJC_MSGSEND = YES;
				GCC_C_LANGUAGE_STANDARD = gnu11;
				GCC_NO_COMMON_BLOCKS = YES;
				GCC_WARN_64_TO_32_BIT_CONVERSION = YES;
				GCC_WARN_ABOUT_RETURN_TYPE = YES_ERROR;
				GCC_WARN_UNDECLARED_SELECTOR = YES;
				GCC_WARN_UNINITIALIZED_AUTOS = YES_AGGRESSIVE;
				GCC_WARN_UNUSED_FUNCTION = YES;
				GCC_WARN_UNUSED_VARIABLE = YES;
				IPHONEOS_DEPLOYMENT_TARGET = 12.2;
				MTL_ENABLE_DEBUG_INFO = NO;
				MTL_FAST_MATH = YES;
				SDKROOT = iphoneos;
				SWIFT_COMPILATION_MODE = wholemodule;
				SWIFT_OPTIMIZATION_LEVEL = "-O";
				VALIDATE_PRODUCT = YES;
			};
			name = Release;
		};
		44E6C728225D935E00C57309 /* Debug */ = {
			isa = XCBuildConfiguration;
			buildSettings = {
				ASSETCATALOG_COMPILER_APPICON_NAME = AppIcon;
				CODE_SIGN_STYLE = Automatic;
				INFOPLIST_FILE = PrimeNumbers/Info.plist;
				LD_RUNPATH_SEARCH_PATHS = (
					"$(inherited)",
					"@executable_path/Frameworks",
				);
				PRODUCT_BUNDLE_IDENTIFIER = baseka.PrimeNumbers;
				PRODUCT_NAME = "$(TARGET_NAME)";
				SWIFT_VERSION = 5.0;
				TARGETED_DEVICE_FAMILY = "1,2";
			};
			name = Debug;
		};
		44E6C729225D935E00C57309 /* Release */ = {
			isa = XCBuildConfiguration;
			buildSettings = {
				ASSETCATALOG_COMPILER_APPICON_NAME = AppIcon;
				CODE_SIGN_STYLE = Automatic;
				INFOPLIST_FILE = PrimeNumbers/Info.plist;
				LD_RUNPATH_SEARCH_PATHS = (
					"$(inherited)",
					"@executable_path/Frameworks",
				);
				PRODUCT_BUNDLE_IDENTIFIER = baseka.PrimeNumbers;
				PRODUCT_NAME = "$(TARGET_NAME)";
				SWIFT_VERSION = 5.0;
				TARGETED_DEVICE_FAMILY = "1,2";
			};
			name = Release;
		};
/* End XCBuildConfiguration section */

/* Begin XCConfigurationList section */
		44E6C710225D935B00C57309 /* Build configuration list for PBXProject "PrimeNumbers" */ = {
			isa = XCConfigurationList;
			buildConfigurations = (
				44E6C725225D935E00C57309 /* Debug */,
				44E6C726225D935E00C57309 /* Release */,
			);
			defaultConfigurationIsVisible = 0;
			defaultConfigurationName = Release;
		};
		44E6C727225D935E00C57309 /* Build configuration list for PBXNativeTarget "PrimeNumbers" */ = {
			isa = XCConfigurationList;
			buildConfigurations = (
				44E6C728225D935E00C57309 /* Debug */,
				44E6C729225D935E00C57309 /* Release */,
			);
			defaultConfigurationIsVisible = 0;
			defaultConfigurationName = Release;
		};
/* End XCConfigurationList section */
	};
	rootObject = 44E6C70D225D935B00C57309 /* Project object */;
}
